
Microsoft Visual Studio Solution File, Format Version 12.00
# Visual Studio 15
Project("{FAE04EC0-301F-11D3-BF4B-00C04F79EFBC}") = "Assembly-CSharp", "Assembly-CSharp.csproj", "{A84C04DD-6800-8564-48BC-FF6797128321}"
EndProject
Project("{FAE04EC0-301F-11D3-BF4B-00C04F79EFBC}") = "Assembly-CSharp-Editor", "Assembly-CSharp-Editor.csproj", "{83A443EA-1AAB-EE0A-7B5D-8970FFE61DB2}"
EndProject
Global
	GlobalSection(SolutionConfigurationPlatforms) = preSolution
		Debug|Any CPU = Debug|Any CPU
		Release|Any CPU = Release|Any CPU
	EndGlobalSection
	GlobalSection(ProjectConfigurationPlatforms) = postSolution
		{A84C04DD-6800-8564-48BC-FF6797128321}.Debug|Any CPU.ActiveCfg = Debug|Any CPU
		{A84C04DD-6800-8564-48BC-FF6797128321}.Debug|Any CPU.Build.0 = Debug|Any CPU
		{A84C04DD-6800-8564-48BC-FF6797128321}.Release|Any CPU.ActiveCfg = Release|Any CPU
		{A84C04DD-6800-8564-48BC-FF6797128321}.Release|Any CPU.Build.0 = Release|Any CPU
		{83A443EA-1AAB-EE0A-7B5D-8970FFE61DB2}.Debug|Any CPU.ActiveCfg = Debug|Any CPU
		{83A443EA-1AAB-EE0A-7B5D-8970FFE61DB2}.Debug|Any CPU.Build.0 = Debug|Any CPU
		{83A443EA-1AAB-EE0A-7B5D-8970FFE61DB2}.Release|Any CPU.ActiveCfg = Release|Any CPU
		{83A443EA-1AAB-EE0A-7B5D-8970FFE61DB2}.Release|Any CPU.Build.0 = Release|Any CPU
	EndGlobalSection
	GlobalSection(SolutionProperties) = preSolution
		HideSolutionNode = FALSE
	EndGlobalSection
EndGlobal
